
Microsoft Visual Studio Solution File, Format Version 12.00
# Visual Studio Version 16
VisualStudioVersion = 16.0.31321.278
MinimumVisualStudioVersion = 10.0.40219.1
Project("{FAE04EC0-301F-11D3-BF4B-00C04F79EFBC}") = "ConsoleApp1", "ConsoleApp1\ConsoleApp1.csproj", "{AA772332-0AD1-4849-A2B9-163259DE730A}"
EndProject
Global
	GlobalSection(SolutionConfigurationPlatforms) = preSolution
		Debug|Any CPU = Debug|Any CPU
		Release|Any CPU = Release|Any CPU
	EndGlobalSection
	GlobalSection(ProjectConfigurationPlatforms) = postSolution
		{AA772332-0AD1-4849-A2B9-163259DE730A}.Debug|Any CPU.ActiveCfg = Debug|Any CPU
		{AA772332-0AD1-4849-A2B9-163259DE730A}.Debug|Any CPU.Build.0 = Debug|Any CPU
		{AA772332-0AD1-4849-A2B9-163259DE730A}.Release|Any CPU.ActiveCfg = Release|Any CPU
		{AA772332-0AD1-4849-A2B9-163259DE730A}.Release|Any CPU.Build.0 = Release|Any CPU
	EndGlobalSection
	GlobalSection(SolutionProperties) = preSolution
		HideSolutionNode = FALSE
	EndGlobalSection
	GlobalSection(ExtensibilityGlobals) = postSolution
		SolutionGuid = {2CE89E46-4E7B-40E8-BDD2-2638E3B7B5B5}
	EndGlobalSection
EndGlobal
